# THIS IS AN AUTOGENERATED FILE. DO NOT EDIT THIS FILE DIRECTLY.
# yarn lockfile v1


esprima@*:
  version "4.0.1"
  resolved "https://registry.npmmirror.com/esprima/-/esprima-4.0.1.tgz#13b04cdb3e6c5d19df91ab6987a8695619b0aa71"
  integrity sha512-eGuFFw7Upda+g4p+QHvnW0RyTX/SVeJBDM/gCtMARO0cLuT2HcEKnTPvhjV6aGeqrCB/sbNop0Kszm0jsaWU4A==

want@^0.0.0:
  version "0.0.0"
  resolved "https://registry.npmmirror.com/want/-/want-0.0.0.tgz#b3bc35d75b7d693f3a36b1066cadd20ba6e8cef2"
  integrity sha512-4qsGbBMuGqrS20VmTqzdrZkAwdR+haDjsnU6BDmMAWHiBxRn+lwOZreW8QP4Njh9mZ38YdFJWFgojyi/V+Kj9g==
  dependencies:
    esprima "*"
